// !$*UTF8*$!
{
	archiveVersion = 1;
	classes = {
	};
	objectVersion = 50;
	objects = {

/* Begin PBXBuildFile section */
		303497EE9B5B37B3C69AE906 /* libPods-RxSwiftDriver.a in Frameworks */ = {isa = PBXBuildFile; fileRef = 07EEA70AB62D28C4FCF87AF2 /* libPods-RxSwiftDriver.a */; };
		FD6650532422A1460056AB5F /* AppDelegate.swift in Sources */ = {isa = PBXBuildFile; fileRef = FD6650522422A1460056AB5F /* AppDelegate.swift */; };
		FD6650552422A1460056AB5F /* SceneDelegate.swift in Sources */ = {isa = PBXBuildFile; fileRef = FD6650542422A1460056AB5F /* SceneDelegate.swift */; };
		FD6650572422A1460056AB5F /* ViewController.swift in Sources */ = {isa = PBXBuildFile; fileRef = FD6650562422A1460056AB5F /* ViewController.swift */; };
		FD66505A2422A1460056AB5F /* Main.storyboard in Resources */ = {isa = PBXBuildFile; fileRef = FD6650582422A1460056AB5F /* Main.storyboard */; };
		FD66505C2422A15C0056AB5F /* Assets.xcassets in Resources */ = {isa = PBXBuildFile; fileRef = FD66505B2422A15C0056AB5F /* Assets.xcassets */; };
		FD66505F2422A15C0056AB5F /* LaunchScreen.storyboard in Resources */ = {isa = PBXBuildFile; fileRef = FD66505D2422A15C0056AB5F /* LaunchScreen.storyboard */; };
/* End PBXBuildFile section */

/* Begin PBXFileReference section */
		07EEA70AB62D28C4FCF87AF2 /* libPods-RxSwiftDriver.a */ = {isa = PBXFileReference; explicitFileType = archive.ar; includeInIndex = 0; path = "libPods-RxSwiftDriver.a"; sourceTree = BUILT_PRODUCTS_DIR; };
		6309B861121493C7EF58C894 /* Pods-RxSwiftDriver.debug.xcconfig */ = {isa = PBXFileReference; includeInIndex = 1; lastKnownFileType = text.xcconfig; name = "Pods-RxSwiftDriver.debug.xcconfig"; path = "Target Support Files/Pods-RxSwiftDriver/Pods-RxSwiftDriver.debug.xcconfig"; sourceTree = "<group>"; };
		8308CA09D8D94EB96ED24177 /* Pods-RxSwiftDriver.release.xcconfig */ = {isa = PBXFileReference; includeInIndex = 1; lastKnownFileType = text.xcconfig; name = "Pods-RxSwiftDriver.release.xcconfig"; path = "Target Support Files/Pods-RxSwiftDriver/Pods-RxSwiftDriver.release.xcconfig"; sourceTree = "<group>"; };
		FD66504F2422A1460056AB5F /* RxSwiftDriver.app */ = {isa = PBXFileReference; explicitFileType = wrapper.application; includeInIndex = 0; path = RxSwiftDriver.app; sourceTree = BUILT_PRODUCTS_DIR; };
		FD6650522422A1460056AB5F /* AppDelegate.swift */ = {isa = PBXFileReference; lastKnownFileType = sourcecode.swift; path = AppDelegate.swift; sourceTree = "<group>"; };
		FD6650542422A1460056AB5F /* SceneDelegate.swift */ = {isa = PBXFileReference; lastKnownFileType = sourcecode.swift; path = SceneDelegate.swift; sourceTree = "<group>"; };
		FD6650562422A1460056AB5F /* ViewController.swift */ = {isa = PBXFileReference; lastKnownFileType = sourcecode.swift; path = ViewController.swift; sourceTree = "<group>"; };
		FD6650592422A1460056AB5F /* Base */ = {isa = PBXFileReference; lastKnownFileType = file.storyboard; name = Base; path = Base.lproj/Main.storyboard; sourceTree = "<group>"; };
		FD66505B2422A15C0056AB5F /* Assets.xcassets */ = {isa = PBXFileReference; lastKnownFileType = folder.assetcatalog; path = Assets.xcassets; sourceTree = "<group>"; };
		FD66505E2422A15C0056AB5F /* Base */ = {isa = PBXFileReference; lastKnownFileType = file.storyboard; name = Base; path = Base.lproj/LaunchScreen.storyboard; sourceTree = "<group>"; };
		FD6650602422A15C0056AB5F /* Info.plist */ = {isa = PBXFileReference; lastKnownFileType = text.plist.xml; path = Info.plist; sourceTree = "<group>"; };
/* End PBXFileReference section */

/* Begin PBXFrameworksBuildPhase section */
		FD66504C2422A1460056AB5F /* Frameworks */ = {
			isa = PBXFrameworksBuildPhase;
			buildActionMask = 2147483647;
			files = (
				303497EE9B5B37B3C69AE906 /* libPods-RxSwiftDriver.a in Frameworks */,
			);
			runOnlyForDeploymentPostprocessing = 0;
		};
/* End PBXFrameworksBuildPhase section */

/* Begin PBXGroup section */
		1FC2DD7E1CEE8F4A5A675431 /* Frameworks */ = {
			isa = PBXGroup;
			children = (
				07EEA70AB62D28C4FCF87AF2 /* libPods-RxSwiftDriver.a */,
			);
			name = Frameworks;
			sourceTree = "<group>";
		};
		5BF963864EEA2BD11423A7FE /* Pods */ = {
			isa = PBXGroup;
			children = (
				6309B861121493C7EF58C894 /* Pods-RxSwiftDriver.debug.xcconfig */,
				8308CA09D8D94EB96ED24177 /* Pods-RxSwiftDriver.release.xcconfig */,
			);
			name = Pods;
			path = Pods;
			sourceTree = "<group>";
		};
		FD6650462422A1460056AB5F = {
			isa = PBXGroup;
			children = (
				FD6650512422A1460056AB5F /* RxSwiftDriver */,
				FD6650502422A1460056AB5F /* Products */,
				5BF963864EEA2BD11423A7FE /* Pods */,
				1FC2DD7E1CEE8F4A5A675431 /* Frameworks */,
			);
			sourceTree = "<group>";
		};
		FD6650502422A1460056AB5F /* Products */ = {
			isa = PBXGroup;
			children = (
				FD66504F2422A1460056AB5F /* RxSwiftDriver.app */,
			);
			name = Products;
			sourceTree = "<group>";
		};
		FD6650512422A1460056AB5F /* RxSwiftDriver */ = {
			isa = PBXGroup;
			children = (
				FD6650522422A1460056AB5F /* AppDelegate.swift */,
				FD6650542422A1460056AB5F /* SceneDelegate.swift */,
				FD6650562422A1460056AB5F /* ViewController.swift */,
				FD6650582422A1460056AB5F /* Main.storyboard */,
				FD66505B2422A15C0056AB5F /* Assets.xcassets */,
				FD66505D2422A15C0056AB5F /* LaunchScreen.storyboard */,
				FD6650602422A15C0056AB5F /* Info.plist */,
			);
			path = RxSwiftDriver;
			sourceTree = "<group>";
		};
/* End PBXGroup section */

/* Begin PBXNativeTarget section */
		FD66504E2422A1460056AB5F /* RxSwiftDriver */ = {
			isa = PBXNativeTarget;
			buildConfigurationList = FD6650632422A15C0056AB5F /* Build configuration list for PBXNativeTarget "RxSwiftDriver" */;
			buildPhases = (
				75D7960A2CD9DFF372723D5E /* [CP] Check Pods Manifest.lock */,
				FD66504B2422A1460056AB5F /* Sources */,
				FD66504C2422A1460056AB5F /* Frameworks */,
				FD66504D2422A1460056AB5F /* Resources */,
			);
			buildRules = (
			);
			dependencies = (
			);
			name = RxSwiftDriver;
			productName = RxSwiftDriver;
			productReference = FD66504F2422A1460056AB5F /* RxSwiftDriver.app */;
			productType = "com.apple.product-type.application";
		};
/* End PBXNativeTarget section */

/* Begin PBXProject section */
		FD6650472422A1460056AB5F /* Project object */ = {
			isa = PBXProject;
			attributes = {
				LastSwiftUpdateCheck = 1130;
				LastUpgradeCheck = 1130;
				ORGANIZATIONNAME = AnatolyRyavkin;
				TargetAttributes = {
					FD66504E2422A1460056AB5F = {
						CreatedOnToolsVersion = 11.3.1;
					};
				};
			};
			buildConfigurationList = FD66504A2422A1460056AB5F /* Build configuration list for PBXProject "RxSwiftDriver" */;
			compatibilityVersion = "Xcode 9.3";
			developmentRegion = en;
			hasScannedForEncodings = 0;
			knownRegions = (
				en,
				Base,
			);
			mainGroup = FD6650462422A1460056AB5F;
			productRefGroup = FD6650502422A1460056AB5F /* Products */;
			projectDirPath = "";
			projectRoot = "";
			targets = (
				FD66504E2422A1460056AB5F /* RxSwiftDriver */,
			);
		};
/* End PBXProject section */

/* Begin PBXResourcesBuildPhase section */
		FD66504D2422A1460056AB5F /* Resources */ = {
			isa = PBXResourcesBuildPhase;
			buildActionMask = 2147483647;
			files = (
				FD66505F2422A15C0056AB5F /* LaunchScreen.storyboard in Resources */,
				FD66505C2422A15C0056AB5F /* Assets.xcassets in Resources */,
				FD66505A2422A1460056AB5F /* Main.storyboard in Resources */,
			);
			runOnlyForDeploymentPostprocessing = 0;
		};
/* End PBXResourcesBuildPhase section */

/* Begin PBXShellScriptBuildPhase section */
		75D7960A2CD9DFF372723D5E /* [CP] Check Pods Manifest.lock */ = {
			isa = PBXShellScriptBuildPhase;
			buildActionMask = 2147483647;
			files = (
			);
			inputFileListPaths = (
			);
			inputPaths = (
				"${PODS_PODFILE_DIR_PATH}/Podfile.lock",
				"${PODS_ROOT}/Manifest.lock",
			);
			name = "[CP] Check Pods Manifest.lock";
			outputFileListPaths = (
			);
			outputPaths = (
				"$(DERIVED_FILE_DIR)/Pods-RxSwiftDriver-checkManifestLockResult.txt",
			);
			runOnlyForDeploymentPostprocessing = 0;
			shellPath = /bin/sh;
			shellScript = "diff \"${PODS_PODFILE_DIR_PATH}/Podfile.lock\" \"${PODS_ROOT}/Manifest.lock\" > /dev/null\nif [ $? != 0 ] ; then\n    # print error to STDERR\n    echo \"error: The sandbox is not in sync with the Podfile.lock. Run 'pod install' or update your CocoaPods installation.\" >&2\n    exit 1\nfi\n# This output is used by Xcode 'outputs' to avoid re-running this script phase.\necho \"SUCCESS\" > \"${SCRIPT_OUTPUT_FILE_0}\"\n";
			showEnvVarsInLog = 0;
		};
/* End PBXShellScriptBuildPhase section */

/* Begin PBXSourcesBuildPhase section */
		FD66504B2422A1460056AB5F /* Sources */ = {
			isa = PBXSourcesBuildPhase;
			buildActionMask = 2147483647;
			files = (
				FD6650572422A1460056AB5F /* ViewController.swift in Sources */,
				FD6650532422A1460056AB5F /* AppDelegate.swift in Sources */,
				FD6650552422A1460056AB5F /* SceneDelegate.swift in Sources */,
			);
			runOnlyForDeploymentPostprocessing = 0;
		};
/* End PBXSourcesBuildPhase section */

/* Begin PBXVariantGroup section */
		FD6650582422A1460056AB5F /* Main.storyboard */ = {
			isa = PBXVariantGroup;
			children = (
				FD6650592422A1460056AB5F /* Base */,
			);
			name = Main.storyboard;
			sourceTree = "<group>";
		};
		FD66505D2422A15C0056AB5F /* LaunchScreen.storyboard */ = {
			isa = PBXVariantGroup;
			children = (
				FD66505E2422A15C0056AB5F /* Base */,
			);
			name = LaunchScreen.storyboard;
			sourceTree = "<group>";
		};
/* End PBXVariantGroup section */

/* Begin XCBuildConfiguration section */
		FD6650612422A15C0056AB5F /* Debug */ = {
			isa = XCBuildConfiguration;
			buildSettings = {
				ALWAYS_SEARCH_USER_PATHS = NO;
				CLANG_ANALYZER_NONNULL = YES;
				CLANG_ANALYZER_NUMBER_OBJECT_CONVERSION = YES_AGGRESSIVE;
				CLANG_CXX_LANGUAGE_STANDARD = "gnu++14";
				CLANG_CXX_LIBRARY = "libc++";
				CLANG_ENABLE_MODULES = YES;
				CLANG_ENABLE_OBJC_ARC = YES;
				CLANG_ENABLE_OBJC_WEAK = YES;
				CLANG_WARN_BLOCK_CAPTURE_AUTORELEASING = YES;
				CLANG_WARN_BOOL_CONVERSION = YES;
				CLANG_WARN_COMMA = YES;
				CLANG_WARN_CONSTANT_CONVERSION = YES;
				CLANG_WARN_DEPRECATED_OBJC_IMPLEMENTATIONS = YES;
				CLANG_WARN_DIRECT_OBJC_ISA_USAGE = YES_ERROR;
				CLANG_WARN_DOCUMENTATION_COMMENTS = YES;
				CLANG_WARN_EMPTY_BODY = YES;
				CLANG_WARN_ENUM_CONVERSION = YES;
				CLANG_WARN_INFINITE_RECURSION = YES;
				CLANG_WARN_INT_CONVERSION = YES;
				CLANG_WARN_NON_LITERAL_NULL_CONVERSION = YES;
				CLANG_WARN_OBJC_IMPLICIT_RETAIN_SELF = YES;
				CLANG_WARN_OBJC_LITERAL_CONVERSION = YES;
				CLANG_WARN_OBJC_ROOT_CLASS = YES_ERROR;
				CLANG_WARN_RANGE_LOOP_ANALYSIS = YES;
				CLANG_WARN_STRICT_PROTOTYPES = YES;
				CLANG_WARN_SUSPICIOUS_MOVE = YES;
				CLANG_WARN_UNGUARDED_AVAILABILITY = YES_AGGRESSIVE;
				CLANG_WARN_UNREACHABLE_CODE = YES;
				CLANG_WARN__DUPLICATE_METHOD_MATCH = YES;
				COPY_PHASE_STRIP = NO;
				DEBUG_INFORMATION_FORMAT = dwarf;
				ENABLE_STRICT_OBJC_MSGSEND = YES;
				ENABLE_TESTABILITY = YES;
				GCC_C_LANGUAGE_STANDARD = gnu11;
				GCC_DYNAMIC_NO_PIC = NO;
				GCC_NO_COMMON_BLOCKS = YES;
				GCC_OPTIMIZATION_LEVEL = 0;
				GCC_PREPROCESSOR_DEFINITIONS = (
					"DEBUG=1",
					"$(inherited)",
				);
				GCC_WARN_64_TO_32_BIT_CONVERSION = YES;
				GCC_WARN_ABOUT_RETURN_TYPE = YES_ERROR;
				GCC_WARN_UNDECLARED_SELECTOR = YES;
				GCC_WARN_UNINITIALIZED_AUTOS = YES_AGGRESSIVE;
				GCC_WARN_UNUSED_FUNCTION = YES;
				GCC_WARN_UNUSED_VARIABLE = YES;
				IPHONEOS_DEPLOYMENT_TARGET = 13.2;
				MTL_ENABLE_DEBUG_INFO = INCLUDE_SOURCE;
				MTL_FAST_MATH = YES;
				ONLY_ACTIVE_ARCH = YES;
				SDKROOT = iphoneos;
				SWIFT_ACTIVE_COMPILATION_CONDITIONS = DEBUG;
				SWIFT_OPTIMIZATION_LEVEL = "-Onone";
			};
			name = Debug;
		};
		FD6650622422A15C0056AB5F /* Release */ = {
			isa = XCBuildConfiguration;
			buildSettings = {
				ALWAYS_SEARCH_USER_PATHS = NO;
				CLANG_ANALYZER_NONNULL = YES;
				CLANG_ANALYZER_NUMBER_OBJECT_CONVERSION = YES_AGGRESSIVE;
				CLANG_CXX_LANGUAGE_STANDARD = "gnu++14";
				CLANG_CXX_LIBRARY = "libc++";
				CLANG_ENABLE_MODULES = YES;
				CLANG_ENABLE_OBJC_ARC = YES;
				CLANG_ENABLE_OBJC_WEAK = YES;
				CLANG_WARN_BLOCK_CAPTURE_AUTORELEASING = YES;
				CLANG_WARN_BOOL_CONVERSION = YES;
				CLANG_WARN_COMMA = YES;
				CLANG_WARN_CONSTANT_CONVERSION = YES;
				CLANG_WARN_DEPRECATED_OBJC_IMPLEMENTATIONS = YES;
				CLANG_WARN_DIRECT_OBJC_ISA_USAGE = YES_ERROR;
				CLANG_WARN_DOCUMENTATION_COMMENTS = YES;
				CLANG_WARN_EMPTY_BODY = YES;
				CLANG_WARN_ENUM_CONVERSION = YES;
				CLANG_WARN_INFINITE_RECURSION = YES;
				CLANG_WARN_INT_CONVERSION = YES;
				CLANG_WARN_NON_LITERAL_NULL_CONVERSION = YES;
				CLANG_WARN_OBJC_IMPLICIT_RETAIN_SELF = YES;
				CLANG_WARN_OBJC_LITERAL_CONVERSION = YES;
				CLANG_WARN_OBJC_ROOT_CLASS = YES_ERROR;
				CLANG_WARN_RANGE_LOOP_ANALYSIS = YES;
				CLANG_WARN_STRICT_PROTOTYPES = YES;
				CLANG_WARN_SUSPICIOUS_MOVE = YES;
				CLANG_WARN_UNGUARDED_AVAILABILITY = YES_AGGRESSIVE;
				CLANG_WARN_UNREACHABLE_CODE = YES;
				CLANG_WARN__DUPLICATE_METHOD_MATCH = YES;
				COPY_PHASE_STRIP = NO;
				DEBUG_INFORMATION_FORMAT = "dwarf-with-dsym";
				ENABLE_NS_ASSERTIONS = NO;
				ENABLE_STRICT_OBJC_MSGSEND = YES;
				GCC_C_LANGUAGE_STANDARD = gnu11;
				GCC_NO_COMMON_BLOCKS = YES;
				GCC_WARN_64_TO_32_BIT_CONVERSION = YES;
				GCC_WARN_ABOUT_RETURN_TYPE = YES_ERROR;
				GCC_WARN_UNDECLARED_SELECTOR = YES;
				GCC_WARN_UNINITIALIZED_AUTOS = YES_AGGRESSIVE;
				GCC_WARN_UNUSED_FUNCTION = YES;
				GCC_WARN_UNUSED_VARIABLE = YES;
				IPHONEOS_DEPLOYMENT_TARGET = 13.2;
				MTL_ENABLE_DEBUG_INFO = NO;
				MTL_FAST_MATH = YES;
				SDKROOT = iphoneos;
				SWIFT_COMPILATION_MODE = wholemodule;
				SWIFT_OPTIMIZATION_LEVEL = "-O";
				VALIDATE_PRODUCT = YES;
			};
			name = Release;
		};
		FD6650642422A15C0056AB5F /* Debug */ = {
			isa = XCBuildConfiguration;
			baseConfigurationReference = 6309B861121493C7EF58C894 /* Pods-RxSwiftDriver.debug.xcconfig */;
			buildSettings = {
				ASSETCATALOG_COMPILER_APPICON_NAME = AppIcon;
				CODE_SIGN_STYLE = Automatic;
				DEVELOPMENT_TEAM = 92NKZ7998L;
				INFOPLIST_FILE = RxSwiftDriver/Info.plist;
				LD_RUNPATH_SEARCH_PATHS = (
					"$(inherited)",
					"@executable_path/Frameworks",
				);
				PRODUCT_BUNDLE_IDENTIFIER = AnatatolyRyavkin.RxSwiftDriver;
				PRODUCT_NAME = "$(TARGET_NAME)";
				SWIFT_VERSION = 5.0;
				TARGETED_DEVICE_FAMILY = "1,2";
			};
			name = Debug;
		};
		FD6650652422A15C0056AB5F /* Release */ = {
			isa = XCBuildConfiguration;
			baseConfigurationReference = 8308CA09D8D94EB96ED24177 /* Pods-RxSwiftDriver.release.xcconfig */;
			buildSettings = {
				ASSETCATALOG_COMPILER_APPICON_NAME = AppIcon;
				CODE_SIGN_STYLE = Automatic;
				DEVELOPMENT_TEAM = 92NKZ7998L;
				INFOPLIST_FILE = RxSwiftDriver/Info.plist;
				LD_RUNPATH_SEARCH_PATHS = (
					"$(inherited)",
					"@executable_path/Frameworks",
				);
				PRODUCT_BUNDLE_IDENTIFIER = AnatatolyRyavkin.RxSwiftDriver;
				PRODUCT_NAME = "$(TARGET_NAME)";
				SWIFT_VERSION = 5.0;
				TARGETED_DEVICE_FAMILY = "1,2";
			};
			name = Release;
		};
/* End XCBuildConfiguration section */

/* Begin XCConfigurationList section */
		FD66504A2422A1460056AB5F /* Build configuration list for PBXProject "RxSwiftDriver" */ = {
			isa = XCConfigurationList;
			buildConfigurations = (
				FD6650612422A15C0056AB5F /* Debug */,
				FD6650622422A15C0056AB5F /* Release */,
			);
			defaultConfigurationIsVisible = 0;
			defaultConfigurationName = Release;
		};
		FD6650632422A15C0056AB5F /* Build configuration list for PBXNativeTarget "RxSwiftDriver" */ = {
			isa = XCConfigurationList;
			buildConfigurations = (
				FD6650642422A15C0056AB5F /* Debug */,
				FD6650652422A15C0056AB5F /* Release */,
			);
			defaultConfigurationIsVisible = 0;
			defaultConfigurationName = Release;
		};
/* End XCConfigurationList section */
	};
	rootObject = FD6650472422A1460056AB5F /* Project object */;
}
